
Microsoft Visual Studio Solution File, Format Version 12.00
# Visual Studio 14
VisualStudioVersion = 14.0.24720.0
MinimumVisualStudioVersion = 10.0.40219.1
Project("{FAE04EC0-301F-11D3-BF4B-00C04F79EFBC}") = "SampleMvc", "SampleMvc\SampleMvc.csproj", "{DB283615-C7BE-42E6-982F-393B1668DA82}"
EndProject
Project("{FAE04EC0-301F-11D3-BF4B-00C04F79EFBC}") = "SampleMvc.Tests", "SampleMvc.Tests\SampleMvc.Tests.csproj", "{CC00DB12-5275-4468-9D14-C101C1643269}"
EndProject
Project("{FAE04EC0-301F-11D3-BF4B-00C04F79EFBC}") = "DataAccess", "DataAccess\DataAccess.csproj", "{9425B8F5-8744-4250-8330-9864EE25B25A}"
EndProject
Global
	GlobalSection(SolutionConfigurationPlatforms) = preSolution
		Debug|Any CPU = Debug|Any CPU
		Release|Any CPU = Release|Any CPU
	EndGlobalSection
	GlobalSection(ProjectConfigurationPlatforms) = postSolution
		{DB283615-C7BE-42E6-982F-393B1668DA82}.Debug|Any CPU.ActiveCfg = Debug|Any CPU
		{DB283615-C7BE-42E6-982F-393B1668DA82}.Debug|Any CPU.Build.0 = Debug|Any CPU
		{DB283615-C7BE-42E6-982F-393B1668DA82}.Release|Any CPU.ActiveCfg = Release|Any CPU
		{DB283615-C7BE-42E6-982F-393B1668DA82}.Release|Any CPU.Build.0 = Release|Any CPU
		{CC00DB12-5275-4468-9D14-C101C1643269}.Debug|Any CPU.ActiveCfg = Debug|Any CPU
		{CC00DB12-5275-4468-9D14-C101C1643269}.Debug|Any CPU.Build.0 = Debug|Any CPU
		{CC00DB12-5275-4468-9D14-C101C1643269}.Release|Any CPU.ActiveCfg = Release|Any CPU
		{CC00DB12-5275-4468-9D14-C101C1643269}.Release|Any CPU.Build.0 = Release|Any CPU
		{9425B8F5-8744-4250-8330-9864EE25B25A}.Debug|Any CPU.ActiveCfg = Debug|Any CPU
		{9425B8F5-8744-4250-8330-9864EE25B25A}.Debug|Any CPU.Build.0 = Debug|Any CPU
		{9425B8F5-8744-4250-8330-9864EE25B25A}.Release|Any CPU.ActiveCfg = Release|Any CPU
		{9425B8F5-8744-4250-8330-9864EE25B25A}.Release|Any CPU.Build.0 = Release|Any CPU
	EndGlobalSection
	GlobalSection(SolutionProperties) = preSolution
		HideSolutionNode = FALSE
	EndGlobalSection
EndGlobal
